// !$*UTF8*$!
{
	archiveVersion = 1;
	classes = {
	};
	objectVersion = 55;
	objects = {

/* Begin PBXBuildFile section */
		8424ECF4284E5CDD00BD11E3 /* AppDelegate.swift in Sources */ = {isa = PBXBuildFile; fileRef = 8424ECF3284E5CDD00BD11E3 /* AppDelegate.swift */; };
		8424ECF6284E5CDD00BD11E3 /* SceneDelegate.swift in Sources */ = {isa = PBXBuildFile; fileRef = 8424ECF5284E5CDD00BD11E3 /* SceneDelegate.swift */; };
		8424ECFD284E5CDF00BD11E3 /* Assets.xcassets in Resources */ = {isa = PBXBuildFile; fileRef = 8424ECFC284E5CDF00BD11E3 /* Assets.xcassets */; };
		8424ED00284E5CDF00BD11E3 /* LaunchScreen.storyboard in Resources */ = {isa = PBXBuildFile; fileRef = 8424ECFE284E5CDF00BD11E3 /* LaunchScreen.storyboard */; };
		8424ED08284E98AE00BD11E3 /* SearchVC.swift in Sources */ = {isa = PBXBuildFile; fileRef = 8424ED07284E98AE00BD11E3 /* SearchVC.swift */; };
		8424ED0A284E98FA00BD11E3 /* FavoritesListVC.swift in Sources */ = {isa = PBXBuildFile; fileRef = 8424ED09284E98FA00BD11E3 /* FavoritesListVC.swift */; };
		8424ED0C284EEA1900BD11E3 /* GFButton.swift in Sources */ = {isa = PBXBuildFile; fileRef = 8424ED0B284EEA1900BD11E3 /* GFButton.swift */; };
		8424ED0E284EF58600BD11E3 /* GFTextField.swift in Sources */ = {isa = PBXBuildFile; fileRef = 8424ED0D284EF58600BD11E3 /* GFTextField.swift */; };
		8424ED1028510C9E00BD11E3 /* FollowerListVC.swift in Sources */ = {isa = PBXBuildFile; fileRef = 8424ED0F28510C9E00BD11E3 /* FollowerListVC.swift */; };
		844B625C285145B500BFBBC0 /* GFTitleLabel.swift in Sources */ = {isa = PBXBuildFile; fileRef = 844B625B285145B500BFBBC0 /* GFTitleLabel.swift */; };
		8499868A28515F1800F85501 /* GFBodyLabel.swift in Sources */ = {isa = PBXBuildFile; fileRef = 8499868928515F1800F85501 /* GFBodyLabel.swift */; };
		8499868C2851612A00F85501 /* GFAlertVC.swift in Sources */ = {isa = PBXBuildFile; fileRef = 8499868B2851612A00F85501 /* GFAlertVC.swift */; };
		8499868E2852AB2900F85501 /* UIViewController+Ext.swift in Sources */ = {isa = PBXBuildFile; fileRef = 8499868D2852AB2900F85501 /* UIViewController+Ext.swift */; };
		849986952853E6D200F85501 /* Follower.swift in Sources */ = {isa = PBXBuildFile; fileRef = 849986942853E6D200F85501 /* Follower.swift */; };
		849986972853E72900F85501 /* User.swift in Sources */ = {isa = PBXBuildFile; fileRef = 849986962853E72900F85501 /* User.swift */; };
		8499869A2853F05200F85501 /* NetworkManager.swift in Sources */ = {isa = PBXBuildFile; fileRef = 849986992853F05200F85501 /* NetworkManager.swift */; };
		84E710712855117000796AFB /* FollowerCell.swift in Sources */ = {isa = PBXBuildFile; fileRef = 84E710702855117000796AFB /* FollowerCell.swift */; };
		84E7107328553A8700796AFB /* GFAvatarImageView.swift in Sources */ = {isa = PBXBuildFile; fileRef = 84E7107228553A8700796AFB /* GFAvatarImageView.swift */; };
		84E710762857DF0700796AFB /* UIHelper.swift in Sources */ = {isa = PBXBuildFile; fileRef = 84E710752857DF0700796AFB /* UIHelper.swift */; };
		84E7107E28599CF300796AFB /* GFEmptyStateView.swift in Sources */ = {isa = PBXBuildFile; fileRef = 84E7107D28599CF300796AFB /* GFEmptyStateView.swift */; };
		84E71080285A3AF800796AFB /* UserInfoVC.swift in Sources */ = {isa = PBXBuildFile; fileRef = 84E7107F285A3AF800796AFB /* UserInfoVC.swift */; };
		84E71082285A842B00796AFB /* GFError.swift in Sources */ = {isa = PBXBuildFile; fileRef = 84E71081285A842B00796AFB /* GFError.swift */; };
		84E71084285A94FF00796AFB /* GFUserInfoHeaderVC.swift in Sources */ = {isa = PBXBuildFile; fileRef = 84E71083285A94FF00796AFB /* GFUserInfoHeaderVC.swift */; };
		84E71086285A959A00796AFB /* GFSecondaryTitleLabel.swift in Sources */ = {isa = PBXBuildFile; fileRef = 84E71085285A959A00796AFB /* GFSecondaryTitleLabel.swift */; };
		84E71088285ACD9100796AFB /* Constants.swift in Sources */ = {isa = PBXBuildFile; fileRef = 84E71087285ACD9100796AFB /* Constants.swift */; };
		84E7108A285D2DF300796AFB /* GFItemInfoView.swift in Sources */ = {isa = PBXBuildFile; fileRef = 84E71089285D2DF300796AFB /* GFItemInfoView.swift */; };
		84E7108C285D36B600796AFB /* GFItemInfoVC.swift in Sources */ = {isa = PBXBuildFile; fileRef = 84E7108B285D36B600796AFB /* GFItemInfoVC.swift */; };
		84E7108E285D3A6F00796AFB /* GFRepoItemVC.swift in Sources */ = {isa = PBXBuildFile; fileRef = 84E7108D285D3A6F00796AFB /* GFRepoItemVC.swift */; };
		84E71090285D3C7F00796AFB /* GFFollowerItemVC.swift in Sources */ = {isa = PBXBuildFile; fileRef = 84E7108F285D3C7F00796AFB /* GFFollowerItemVC.swift */; };
		84E71093285D46A000796AFB /* Date+Ext.swift in Sources */ = {isa = PBXBuildFile; fileRef = 84E71092285D46A000796AFB /* Date+Ext.swift */; };
		84E71095285D46E200796AFB /* String+Ext.swift in Sources */ = {isa = PBXBuildFile; fileRef = 84E71094285D46E200796AFB /* String+Ext.swift */; };
/* End PBXBuildFile section */

/* Begin PBXFileReference section */
		8424ECF0284E5CDD00BD11E3 /* GHFollowers.app */ = {isa = PBXFileReference; explicitFileType = wrapper.application; includeInIndex = 0; path = GHFollowers.app; sourceTree = BUILT_PRODUCTS_DIR; };
		8424ECF3284E5CDD00BD11E3 /* AppDelegate.swift */ = {isa = PBXFileReference; lastKnownFileType = sourcecode.swift; path = AppDelegate.swift; sourceTree = "<group>"; };
		8424ECF5284E5CDD00BD11E3 /* SceneDelegate.swift */ = {isa = PBXFileReference; lastKnownFileType = sourcecode.swift; path = SceneDelegate.swift; sourceTree = "<group>"; };
		8424ECFC284E5CDF00BD11E3 /* Assets.xcassets */ = {isa = PBXFileReference; lastKnownFileType = folder.assetcatalog; path = Assets.xcassets; sourceTree = "<group>"; };
		8424ECFF284E5CDF00BD11E3 /* Base */ = {isa = PBXFileReference; lastKnownFileType = file.storyboard; name = Base; path = Base.lproj/LaunchScreen.storyboard; sourceTree = "<group>"; };
		8424ED01284E5CDF00BD11E3 /* Info.plist */ = {isa = PBXFileReference; lastKnownFileType = text.plist.xml; path = Info.plist; sourceTree = "<group>"; };
		8424ED07284E98AE00BD11E3 /* SearchVC.swift */ = {isa = PBXFileReference; lastKnownFileType = sourcecode.swift; path = SearchVC.swift; sourceTree = "<group>"; };
		8424ED09284E98FA00BD11E3 /* FavoritesListVC.swift */ = {isa = PBXFileReference; lastKnownFileType = sourcecode.swift; path = FavoritesListVC.swift; sourceTree = "<group>"; };
		8424ED0B284EEA1900BD11E3 /* GFButton.swift */ = {isa = PBXFileReference; lastKnownFileType = sourcecode.swift; path = GFButton.swift; sourceTree = "<group>"; };
		8424ED0D284EF58600BD11E3 /* GFTextField.swift */ = {isa = PBXFileReference; lastKnownFileType = sourcecode.swift; path = GFTextField.swift; sourceTree = "<group>"; };
		8424ED0F28510C9E00BD11E3 /* FollowerListVC.swift */ = {isa = PBXFileReference; lastKnownFileType = sourcecode.swift; path = FollowerListVC.swift; sourceTree = "<group>"; };
		844B625B285145B500BFBBC0 /* GFTitleLabel.swift */ = {isa = PBXFileReference; lastKnownFileType = sourcecode.swift; path = GFTitleLabel.swift; sourceTree = "<group>"; };
		8499868928515F1800F85501 /* GFBodyLabel.swift */ = {isa = PBXFileReference; lastKnownFileType = sourcecode.swift; path = GFBodyLabel.swift; sourceTree = "<group>"; };
		8499868B2851612A00F85501 /* GFAlertVC.swift */ = {isa = PBXFileReference; lastKnownFileType = sourcecode.swift; path = GFAlertVC.swift; sourceTree = "<group>"; };
		8499868D2852AB2900F85501 /* UIViewController+Ext.swift */ = {isa = PBXFileReference; lastKnownFileType = sourcecode.swift; path = "UIViewController+Ext.swift"; sourceTree = "<group>"; };
		849986942853E6D200F85501 /* Follower.swift */ = {isa = PBXFileReference; lastKnownFileType = sourcecode.swift; path = Follower.swift; sourceTree = "<group>"; };
		849986962853E72900F85501 /* User.swift */ = {isa = PBXFileReference; lastKnownFileType = sourcecode.swift; path = User.swift; sourceTree = "<group>"; };
		849986992853F05200F85501 /* NetworkManager.swift */ = {isa = PBXFileReference; lastKnownFileType = sourcecode.swift; path = NetworkManager.swift; sourceTree = "<group>"; };
		84E710702855117000796AFB /* FollowerCell.swift */ = {isa = PBXFileReference; lastKnownFileType = sourcecode.swift; path = FollowerCell.swift; sourceTree = "<group>"; };
		84E7107228553A8700796AFB /* GFAvatarImageView.swift */ = {isa = PBXFileReference; lastKnownFileType = sourcecode.swift; path = GFAvatarImageView.swift; sourceTree = "<group>"; };
		84E710752857DF0700796AFB /* UIHelper.swift */ = {isa = PBXFileReference; lastKnownFileType = sourcecode.swift; path = UIHelper.swift; sourceTree = "<group>"; };
		84E7107D28599CF300796AFB /* GFEmptyStateView.swift */ = {isa = PBXFileReference; lastKnownFileType = sourcecode.swift; path = GFEmptyStateView.swift; sourceTree = "<group>"; };
		84E7107F285A3AF800796AFB /* UserInfoVC.swift */ = {isa = PBXFileReference; lastKnownFileType = sourcecode.swift; path = UserInfoVC.swift; sourceTree = "<group>"; };
		84E71081285A842B00796AFB /* GFError.swift */ = {isa = PBXFileReference; lastKnownFileType = sourcecode.swift; path = GFError.swift; sourceTree = "<group>"; };
		84E71083285A94FF00796AFB /* GFUserInfoHeaderVC.swift */ = {isa = PBXFileReference; lastKnownFileType = sourcecode.swift; path = GFUserInfoHeaderVC.swift; sourceTree = "<group>"; };
		84E71085285A959A00796AFB /* GFSecondaryTitleLabel.swift */ = {isa = PBXFileReference; lastKnownFileType = sourcecode.swift; path = GFSecondaryTitleLabel.swift; sourceTree = "<group>"; };
		84E71087285ACD9100796AFB /* Constants.swift */ = {isa = PBXFileReference; lastKnownFileType = sourcecode.swift; path = Constants.swift; sourceTree = "<group>"; };
		84E71089285D2DF300796AFB /* GFItemInfoView.swift */ = {isa = PBXFileReference; lastKnownFileType = sourcecode.swift; path = GFItemInfoView.swift; sourceTree = "<group>"; };
		84E7108B285D36B600796AFB /* GFItemInfoVC.swift */ = {isa = PBXFileReference; lastKnownFileType = sourcecode.swift; path = GFItemInfoVC.swift; sourceTree = "<group>"; };
		84E7108D285D3A6F00796AFB /* GFRepoItemVC.swift */ = {isa = PBXFileReference; lastKnownFileType = sourcecode.swift; path = GFRepoItemVC.swift; sourceTree = "<group>"; };
		84E7108F285D3C7F00796AFB /* GFFollowerItemVC.swift */ = {isa = PBXFileReference; lastKnownFileType = sourcecode.swift; path = GFFollowerItemVC.swift; sourceTree = "<group>"; };
		84E71092285D46A000796AFB /* Date+Ext.swift */ = {isa = PBXFileReference; lastKnownFileType = sourcecode.swift; path = "Date+Ext.swift"; sourceTree = "<group>"; };
		84E71094285D46E200796AFB /* String+Ext.swift */ = {isa = PBXFileReference; lastKnownFileType = sourcecode.swift; path = "String+Ext.swift"; sourceTree = "<group>"; };
/* End PBXFileReference section */

/* Begin PBXFrameworksBuildPhase section */
		8424ECED284E5CDD00BD11E3 /* Frameworks */ = {
			isa = PBXFrameworksBuildPhase;
			buildActionMask = 2147483647;
			files = (
			);
			runOnlyForDeploymentPostprocessing = 0;
		};
/* End PBXFrameworksBuildPhase section */

/* Begin PBXGroup section */
		8424ECE7284E5CDD00BD11E3 = {
			isa = PBXGroup;
			children = (
				8424ECF2284E5CDD00BD11E3 /* GHFollowers */,
				8424ECF1284E5CDD00BD11E3 /* Products */,
			);
			sourceTree = "<group>";
		};
		8424ECF1284E5CDD00BD11E3 /* Products */ = {
			isa = PBXGroup;
			children = (
				8424ECF0284E5CDD00BD11E3 /* GHFollowers.app */,
			);
			name = Products;
			sourceTree = "<group>";
		};
		8424ECF2284E5CDD00BD11E3 /* GHFollowers */ = {
			isa = PBXGroup;
			children = (
				84E7106C2855017300796AFB /* Utilities */,
				849986982853F03B00F85501 /* Managers */,
				849986932853E6BC00F85501 /* Model */,
				849986922852D8E200F85501 /* Support */,
				849986912852D84400F85501 /* Extensions */,
				849986902852D70A00F85501 /* Custom Views */,
				8499868F2852D5C300F85501 /* Screens */,
				8424ED01284E5CDF00BD11E3 /* Info.plist */,
			);
			path = GHFollowers;
			sourceTree = "<group>";
		};
		8499868F2852D5C300F85501 /* Screens */ = {
			isa = PBXGroup;
			children = (
				8424ED07284E98AE00BD11E3 /* SearchVC.swift */,
				8424ED0F28510C9E00BD11E3 /* FollowerListVC.swift */,
				8424ED09284E98FA00BD11E3 /* FavoritesListVC.swift */,
				84E7107F285A3AF800796AFB /* UserInfoVC.swift */,
			);
			path = Screens;
			sourceTree = "<group>";
		};
		849986902852D70A00F85501 /* Custom Views */ = {
			isa = PBXGroup;
			children = (
				84E7107C28599C9B00796AFB /* Views */,
				84E7107B28599C9200796AFB /* Buttons */,
				84E7107A28599C8500796AFB /* TextFields */,
				84E7107928599C7700796AFB /* ImageViews */,
				84E7107828599C6500796AFB /* ViewControllers */,
				84E7107728599C5D00796AFB /* Labels */,
				84E7106F2855114600796AFB /* Cells */,
			);
			path = "Custom Views";
			sourceTree = "<group>";
		};
		849986912852D84400F85501 /* Extensions */ = {
			isa = PBXGroup;
			children = (
				8499868D2852AB2900F85501 /* UIViewController+Ext.swift */,
				84E71092285D46A000796AFB /* Date+Ext.swift */,
				84E71094285D46E200796AFB /* String+Ext.swift */,
			);
			path = Extensions;
			sourceTree = "<group>";
		};
		849986922852D8E200F85501 /* Support */ = {
			isa = PBXGroup;
			children = (
				8424ECF3284E5CDD00BD11E3 /* AppDelegate.swift */,
				8424ECF5284E5CDD00BD11E3 /* SceneDelegate.swift */,
				8424ECFC284E5CDF00BD11E3 /* Assets.xcassets */,
				8424ECFE284E5CDF00BD11E3 /* LaunchScreen.storyboard */,
			);
			path = Support;
			sourceTree = "<group>";
		};
		849986932853E6BC00F85501 /* Model */ = {
			isa = PBXGroup;
			children = (
				849986942853E6D200F85501 /* Follower.swift */,
				849986962853E72900F85501 /* User.swift */,
			);
			path = Model;
			sourceTree = "<group>";
		};
		849986982853F03B00F85501 /* Managers */ = {
			isa = PBXGroup;
			children = (
				849986992853F05200F85501 /* NetworkManager.swift */,
			);
			path = Managers;
			sourceTree = "<group>";
		};
		84E7106C2855017300796AFB /* Utilities */ = {
			isa = PBXGroup;
			children = (
				84E710752857DF0700796AFB /* UIHelper.swift */,
				84E71081285A842B00796AFB /* GFError.swift */,
				84E71087285ACD9100796AFB /* Constants.swift */,
			);
			path = Utilities;
			sourceTree = "<group>";
		};
		84E7106F2855114600796AFB /* Cells */ = {
			isa = PBXGroup;
			children = (
				84E710702855117000796AFB /* FollowerCell.swift */,
			);
			path = Cells;
			sourceTree = "<group>";
		};
		84E7107728599C5D00796AFB /* Labels */ = {
			isa = PBXGroup;
			children = (
				844B625B285145B500BFBBC0 /* GFTitleLabel.swift */,
				8499868928515F1800F85501 /* GFBodyLabel.swift */,
				84E71085285A959A00796AFB /* GFSecondaryTitleLabel.swift */,
			);
			path = Labels;
			sourceTree = "<group>";
		};
		84E7107828599C6500796AFB /* ViewControllers */ = {
			isa = PBXGroup;
			children = (
				84E71091285D3D0700796AFB /* IteminfoVCs */,
				8499868B2851612A00F85501 /* GFAlertVC.swift */,
				84E71083285A94FF00796AFB /* GFUserInfoHeaderVC.swift */,
			);
			path = ViewControllers;
			sourceTree = "<group>";
		};
		84E7107928599C7700796AFB /* ImageViews */ = {
			isa = PBXGroup;
			children = (
				84E7107228553A8700796AFB /* GFAvatarImageView.swift */,
			);
			path = ImageViews;
			sourceTree = "<group>";
		};
		84E7107A28599C8500796AFB /* TextFields */ = {
			isa = PBXGroup;
			children = (
				8424ED0D284EF58600BD11E3 /* GFTextField.swift */,
			);
			path = TextFields;
			sourceTree = "<group>";
		};
		84E7107B28599C9200796AFB /* Buttons */ = {
			isa = PBXGroup;
			children = (
				8424ED0B284EEA1900BD11E3 /* GFButton.swift */,
			);
			path = Buttons;
			sourceTree = "<group>";
		};
		84E7107C28599C9B00796AFB /* Views */ = {
			isa = PBXGroup;
			children = (
				84E7107D28599CF300796AFB /* GFEmptyStateView.swift */,
				84E71089285D2DF300796AFB /* GFItemInfoView.swift */,
			);
			path = Views;
			sourceTree = "<group>";
		};
		84E71091285D3D0700796AFB /* IteminfoVCs */ = {
			isa = PBXGroup;
			children = (
				84E7108B285D36B600796AFB /* GFItemInfoVC.swift */,
				84E7108D285D3A6F00796AFB /* GFRepoItemVC.swift */,
				84E7108F285D3C7F00796AFB /* GFFollowerItemVC.swift */,
			);
			path = IteminfoVCs;
			sourceTree = "<group>";
		};
/* End PBXGroup section */

/* Begin PBXNativeTarget section */
		8424ECEF284E5CDD00BD11E3 /* GHFollowers */ = {
			isa = PBXNativeTarget;
			buildConfigurationList = 8424ED04284E5CDF00BD11E3 /* Build configuration list for PBXNativeTarget "GHFollowers" */;
			buildPhases = (
				8424ECEC284E5CDD00BD11E3 /* Sources */,
				8424ECED284E5CDD00BD11E3 /* Frameworks */,
				8424ECEE284E5CDD00BD11E3 /* Resources */,
			);
			buildRules = (
			);
			dependencies = (
			);
			name = GHFollowers;
			productName = GHFollowers;
			productReference = 8424ECF0284E5CDD00BD11E3 /* GHFollowers.app */;
			productType = "com.apple.product-type.application";
		};
/* End PBXNativeTarget section */

/* Begin PBXProject section */
		8424ECE8284E5CDD00BD11E3 /* Project object */ = {
			isa = PBXProject;
			attributes = {
				BuildIndependentTargetsInParallel = 1;
				LastSwiftUpdateCheck = 1310;
				LastUpgradeCheck = 1310;
				TargetAttributes = {
					8424ECEF284E5CDD00BD11E3 = {
						CreatedOnToolsVersion = 13.1;
					};
				};
			};
			buildConfigurationList = 8424ECEB284E5CDD00BD11E3 /* Build configuration list for PBXProject "GHFollowers" */;
			compatibilityVersion = "Xcode 13.0";
			developmentRegion = en;
			hasScannedForEncodings = 0;
			knownRegions = (
				en,
				Base,
			);
			mainGroup = 8424ECE7284E5CDD00BD11E3;
			productRefGroup = 8424ECF1284E5CDD00BD11E3 /* Products */;
			projectDirPath = "";
			projectRoot = "";
			targets = (
				8424ECEF284E5CDD00BD11E3 /* GHFollowers */,
			);
		};
/* End PBXProject section */

/* Begin PBXResourcesBuildPhase section */
		8424ECEE284E5CDD00BD11E3 /* Resources */ = {
			isa = PBXResourcesBuildPhase;
			buildActionMask = 2147483647;
			files = (
				8424ED00284E5CDF00BD11E3 /* LaunchScreen.storyboard in Resources */,
				8424ECFD284E5CDF00BD11E3 /* Assets.xcassets in Resources */,
			);
			runOnlyForDeploymentPostprocessing = 0;
		};
/* End PBXResourcesBuildPhase section */

/* Begin PBXSourcesBuildPhase section */
		8424ECEC284E5CDD00BD11E3 /* Sources */ = {
			isa = PBXSourcesBuildPhase;
			buildActionMask = 2147483647;
			files = (
				849986972853E72900F85501 /* User.swift in Sources */,
				8424ED08284E98AE00BD11E3 /* SearchVC.swift in Sources */,
				8499868E2852AB2900F85501 /* UIViewController+Ext.swift in Sources */,
				84E71095285D46E200796AFB /* String+Ext.swift in Sources */,
				8424ED0C284EEA1900BD11E3 /* GFButton.swift in Sources */,
				8424ED0A284E98FA00BD11E3 /* FavoritesListVC.swift in Sources */,
				84E710762857DF0700796AFB /* UIHelper.swift in Sources */,
				84E7108C285D36B600796AFB /* GFItemInfoVC.swift in Sources */,
				84E71088285ACD9100796AFB /* Constants.swift in Sources */,
				84E7107328553A8700796AFB /* GFAvatarImageView.swift in Sources */,
				8424ECF4284E5CDD00BD11E3 /* AppDelegate.swift in Sources */,
				8499868C2851612A00F85501 /* GFAlertVC.swift in Sources */,
				84E71090285D3C7F00796AFB /* GFFollowerItemVC.swift in Sources */,
				84E7108A285D2DF300796AFB /* GFItemInfoView.swift in Sources */,
				84E710712855117000796AFB /* FollowerCell.swift in Sources */,
				8424ECF6284E5CDD00BD11E3 /* SceneDelegate.swift in Sources */,
				84E71084285A94FF00796AFB /* GFUserInfoHeaderVC.swift in Sources */,
				84E71082285A842B00796AFB /* GFError.swift in Sources */,
				849986952853E6D200F85501 /* Follower.swift in Sources */,
				844B625C285145B500BFBBC0 /* GFTitleLabel.swift in Sources */,
				84E71093285D46A000796AFB /* Date+Ext.swift in Sources */,
				84E71086285A959A00796AFB /* GFSecondaryTitleLabel.swift in Sources */,
				84E7107E28599CF300796AFB /* GFEmptyStateView.swift in Sources */,
				8499869A2853F05200F85501 /* NetworkManager.swift in Sources */,
				8424ED1028510C9E00BD11E3 /* FollowerListVC.swift in Sources */,
				8424ED0E284EF58600BD11E3 /* GFTextField.swift in Sources */,
				8499868A28515F1800F85501 /* GFBodyLabel.swift in Sources */,
				84E7108E285D3A6F00796AFB /* GFRepoItemVC.swift in Sources */,
				84E71080285A3AF800796AFB /* UserInfoVC.swift in Sources */,
			);
			runOnlyForDeploymentPostprocessing = 0;
		};
/* End PBXSourcesBuildPhase section */

/* Begin PBXVariantGroup section */
		8424ECFE284E5CDF00BD11E3 /* LaunchScreen.storyboard */ = {
			isa = PBXVariantGroup;
			children = (
				8424ECFF284E5CDF00BD11E3 /* Base */,
			);
			name = LaunchScreen.storyboard;
			sourceTree = "<group>";
		};
/* End PBXVariantGroup section */

/* Begin XCBuildConfiguration section */
		8424ED02284E5CDF00BD11E3 /* Debug */ = {
			isa = XCBuildConfiguration;
			buildSettings = {
				ALWAYS_SEARCH_USER_PATHS = NO;
				CLANG_ANALYZER_NONNULL = YES;
				CLANG_ANALYZER_NUMBER_OBJECT_CONVERSION = YES_AGGRESSIVE;
				CLANG_CXX_LANGUAGE_STANDARD = "gnu++17";
				CLANG_CXX_LIBRARY = "libc++";
				CLANG_ENABLE_MODULES = YES;
				CLANG_ENABLE_OBJC_ARC = YES;
				CLANG_ENABLE_OBJC_WEAK = YES;
				CLANG_WARN_BLOCK_CAPTURE_AUTORELEASING = YES;
				CLANG_WARN_BOOL_CONVERSION = YES;
				CLANG_WARN_COMMA = YES;
				CLANG_WARN_CONSTANT_CONVERSION = YES;
				CLANG_WARN_DEPRECATED_OBJC_IMPLEMENTATIONS = YES;
				CLANG_WARN_DIRECT_OBJC_ISA_USAGE = YES_ERROR;
				CLANG_WARN_DOCUMENTATION_COMMENTS = YES;
				CLANG_WARN_EMPTY_BODY = YES;
				CLANG_WARN_ENUM_CONVERSION = YES;
				CLANG_WARN_INFINITE_RECURSION = YES;
				CLANG_WARN_INT_CONVERSION = YES;
				CLANG_WARN_NON_LITERAL_NULL_CONVERSION = YES;
				CLANG_WARN_OBJC_IMPLICIT_RETAIN_SELF = YES;
				CLANG_WARN_OBJC_LITERAL_CONVERSION = YES;
				CLANG_WARN_OBJC_ROOT_CLASS = YES_ERROR;
				CLANG_WARN_QUOTED_INCLUDE_IN_FRAMEWORK_HEADER = YES;
				CLANG_WARN_RANGE_LOOP_ANALYSIS = YES;
				CLANG_WARN_STRICT_PROTOTYPES = YES;
				CLANG_WARN_SUSPICIOUS_MOVE = YES;
				CLANG_WARN_UNGUARDED_AVAILABILITY = YES_AGGRESSIVE;
				CLANG_WARN_UNREACHABLE_CODE = YES;
				CLANG_WARN__DUPLICATE_METHOD_MATCH = YES;
				COPY_PHASE_STRIP = NO;
				DEBUG_INFORMATION_FORMAT = dwarf;
				ENABLE_STRICT_OBJC_MSGSEND = YES;
				ENABLE_TESTABILITY = YES;
				GCC_C_LANGUAGE_STANDARD = gnu11;
				GCC_DYNAMIC_NO_PIC = NO;
				GCC_NO_COMMON_BLOCKS = YES;
				GCC_OPTIMIZATION_LEVEL = 0;
				GCC_PREPROCESSOR_DEFINITIONS = (
					"DEBUG=1",
					"$(inherited)",
				);
				GCC_WARN_64_TO_32_BIT_CONVERSION = YES;
				GCC_WARN_ABOUT_RETURN_TYPE = YES_ERROR;
				GCC_WARN_UNDECLARED_SELECTOR = YES;
				GCC_WARN_UNINITIALIZED_AUTOS = YES_AGGRESSIVE;
				GCC_WARN_UNUSED_FUNCTION = YES;
				GCC_WARN_UNUSED_VARIABLE = YES;
				IPHONEOS_DEPLOYMENT_TARGET = 15.0;
				MTL_ENABLE_DEBUG_INFO = INCLUDE_SOURCE;
				MTL_FAST_MATH = YES;
				ONLY_ACTIVE_ARCH = YES;
				SDKROOT = iphoneos;
				SWIFT_ACTIVE_COMPILATION_CONDITIONS = DEBUG;
				SWIFT_OPTIMIZATION_LEVEL = "-Onone";
			};
			name = Debug;
		};
		8424ED03284E5CDF00BD11E3 /* Release */ = {
			isa = XCBuildConfiguration;
			buildSettings = {
				ALWAYS_SEARCH_USER_PATHS = NO;
				CLANG_ANALYZER_NONNULL = YES;
				CLANG_ANALYZER_NUMBER_OBJECT_CONVERSION = YES_AGGRESSIVE;
				CLANG_CXX_LANGUAGE_STANDARD = "gnu++17";
				CLANG_CXX_LIBRARY = "libc++";
				CLANG_ENABLE_MODULES = YES;
				CLANG_ENABLE_OBJC_ARC = YES;
				CLANG_ENABLE_OBJC_WEAK = YES;
				CLANG_WARN_BLOCK_CAPTURE_AUTORELEASING = YES;
				CLANG_WARN_BOOL_CONVERSION = YES;
				CLANG_WARN_COMMA = YES;
				CLANG_WARN_CONSTANT_CONVERSION = YES;
				CLANG_WARN_DEPRECATED_OBJC_IMPLEMENTATIONS = YES;
				CLANG_WARN_DIRECT_OBJC_ISA_USAGE = YES_ERROR;
				CLANG_WARN_DOCUMENTATION_COMMENTS = YES;
				CLANG_WARN_EMPTY_BODY = YES;
				CLANG_WARN_ENUM_CONVERSION = YES;
				CLANG_WARN_INFINITE_RECURSION = YES;
				CLANG_WARN_INT_CONVERSION = YES;
				CLANG_WARN_NON_LITERAL_NULL_CONVERSION = YES;
				CLANG_WARN_OBJC_IMPLICIT_RETAIN_SELF = YES;
				CLANG_WARN_OBJC_LITERAL_CONVERSION = YES;
				CLANG_WARN_OBJC_ROOT_CLASS = YES_ERROR;
				CLANG_WARN_QUOTED_INCLUDE_IN_FRAMEWORK_HEADER = YES;
				CLANG_WARN_RANGE_LOOP_ANALYSIS = YES;
				CLANG_WARN_STRICT_PROTOTYPES = YES;
				CLANG_WARN_SUSPICIOUS_MOVE = YES;
				CLANG_WARN_UNGUARDED_AVAILABILITY = YES_AGGRESSIVE;
				CLANG_WARN_UNREACHABLE_CODE = YES;
				CLANG_WARN__DUPLICATE_METHOD_MATCH = YES;
				COPY_PHASE_STRIP = NO;
				DEBUG_INFORMATION_FORMAT = "dwarf-with-dsym";
				ENABLE_NS_ASSERTIONS = NO;
				ENABLE_STRICT_OBJC_MSGSEND = YES;
				GCC_C_LANGUAGE_STANDARD = gnu11;
				GCC_NO_COMMON_BLOCKS = YES;
				GCC_WARN_64_TO_32_BIT_CONVERSION = YES;
				GCC_WARN_ABOUT_RETURN_TYPE = YES_ERROR;
				GCC_WARN_UNDECLARED_SELECTOR = YES;
				GCC_WARN_UNINITIALIZED_AUTOS = YES_AGGRESSIVE;
				GCC_WARN_UNUSED_FUNCTION = YES;
				GCC_WARN_UNUSED_VARIABLE = YES;
				IPHONEOS_DEPLOYMENT_TARGET = 15.0;
				MTL_ENABLE_DEBUG_INFO = NO;
				MTL_FAST_MATH = YES;
				SDKROOT = iphoneos;
				SWIFT_COMPILATION_MODE = wholemodule;
				SWIFT_OPTIMIZATION_LEVEL = "-O";
				VALIDATE_PRODUCT = YES;
			};
			name = Release;
		};
		8424ED05284E5CDF00BD11E3 /* Debug */ = {
			isa = XCBuildConfiguration;
			buildSettings = {
				ASSETCATALOG_COMPILER_APPICON_NAME = AppIcon;
				ASSETCATALOG_COMPILER_GLOBAL_ACCENT_COLOR_NAME = AccentColor;
				CODE_SIGN_STYLE = Automatic;
				CURRENT_PROJECT_VERSION = 1;
				GENERATE_INFOPLIST_FILE = YES;
				INFOPLIST_FILE = GHFollowers/Info.plist;
				INFOPLIST_KEY_UIApplicationSupportsIndirectInputEvents = YES;
				INFOPLIST_KEY_UILaunchStoryboardName = LaunchScreen;
				INFOPLIST_KEY_UISupportedInterfaceOrientations = UIInterfaceOrientationPortrait;
				INFOPLIST_KEY_UISupportedInterfaceOrientations_iPad = "UIInterfaceOrientationPortrait UIInterfaceOrientationPortraitUpsideDown UIInterfaceOrientationLandscapeLeft UIInterfaceOrientationLandscapeRight";
				INFOPLIST_KEY_UISupportedInterfaceOrientations_iPhone = "UIInterfaceOrientationPortrait UIInterfaceOrientationLandscapeLeft UIInterfaceOrientationLandscapeRight";
				IPHONEOS_DEPLOYMENT_TARGET = 15.0;
				LD_RUNPATH_SEARCH_PATHS = (
					"$(inherited)",
					"@executable_path/Frameworks",
				);
				MARKETING_VERSION = 1.0;
				PRODUCT_BUNDLE_IDENTIFIER = s.GHFollowers;
				PRODUCT_NAME = "$(TARGET_NAME)";
				SWIFT_EMIT_LOC_STRINGS = YES;
				SWIFT_VERSION = 5.0;
				TARGETED_DEVICE_FAMILY = 1;
			};
			name = Debug;
		};
		8424ED06284E5CDF00BD11E3 /* Release */ = {
			isa = XCBuildConfiguration;
			buildSettings = {
				ASSETCATALOG_COMPILER_APPICON_NAME = AppIcon;
				ASSETCATALOG_COMPILER_GLOBAL_ACCENT_COLOR_NAME = AccentColor;
				CODE_SIGN_STYLE = Automatic;
				CURRENT_PROJECT_VERSION = 1;
				GENERATE_INFOPLIST_FILE = YES;
				INFOPLIST_FILE = GHFollowers/Info.plist;
				INFOPLIST_KEY_UIApplicationSupportsIndirectInputEvents = YES;
				INFOPLIST_KEY_UILaunchStoryboardName = LaunchScreen;
				INFOPLIST_KEY_UISupportedInterfaceOrientations = UIInterfaceOrientationPortrait;
				INFOPLIST_KEY_UISupportedInterfaceOrientations_iPad = "UIInterfaceOrientationPortrait UIInterfaceOrientationPortraitUpsideDown UIInterfaceOrientationLandscapeLeft UIInterfaceOrientationLandscapeRight";
				INFOPLIST_KEY_UISupportedInterfaceOrientations_iPhone = "UIInterfaceOrientationPortrait UIInterfaceOrientationLandscapeLeft UIInterfaceOrientationLandscapeRight";
				IPHONEOS_DEPLOYMENT_TARGET = 15.0;
				LD_RUNPATH_SEARCH_PATHS = (
					"$(inherited)",
					"@executable_path/Frameworks",
				);
				MARKETING_VERSION = 1.0;
				PRODUCT_BUNDLE_IDENTIFIER = s.GHFollowers;
				PRODUCT_NAME = "$(TARGET_NAME)";
				SWIFT_EMIT_LOC_STRINGS = YES;
				SWIFT_VERSION = 5.0;
				TARGETED_DEVICE_FAMILY = 1;
			};
			name = Release;
		};
/* End XCBuildConfiguration section */

/* Begin XCConfigurationList section */
		8424ECEB284E5CDD00BD11E3 /* Build configuration list for PBXProject "GHFollowers" */ = {
			isa = XCConfigurationList;
			buildConfigurations = (
				8424ED02284E5CDF00BD11E3 /* Debug */,
				8424ED03284E5CDF00BD11E3 /* Release */,
			);
			defaultConfigurationIsVisible = 0;
			defaultConfigurationName = Release;
		};
		8424ED04284E5CDF00BD11E3 /* Build configuration list for PBXNativeTarget "GHFollowers" */ = {
			isa = XCConfigurationList;
			buildConfigurations = (
				8424ED05284E5CDF00BD11E3 /* Debug */,
				8424ED06284E5CDF00BD11E3 /* Release */,
			);
			defaultConfigurationIsVisible = 0;
			defaultConfigurationName = Release;
		};
/* End XCConfigurationList section */
	};
	rootObject = 8424ECE8284E5CDD00BD11E3 /* Project object */;
}
